
Microsoft Visual Studio Solution File, Format Version 12.00
# Visual Studio Version 16
VisualStudioVersion = 16.0.32602.291
MinimumVisualStudioVersion = 10.0.40219.1
Project("{FAE04EC0-301F-11D3-BF4B-00C04F79EFBC}") = "Demo_3", "Demo_3\Demo_3.csproj", "{D8174FFD-3734-45E6-8BF5-DA0A124C6959}"
EndProject
Global
	GlobalSection(SolutionConfigurationPlatforms) = preSolution
		Debug|Any CPU = Debug|Any CPU
		Release|Any CPU = Release|Any CPU
	EndGlobalSection
	GlobalSection(ProjectConfigurationPlatforms) = postSolution
		{D8174FFD-3734-45E6-8BF5-DA0A124C6959}.Debug|Any CPU.ActiveCfg = Debug|Any CPU
		{D8174FFD-3734-45E6-8BF5-DA0A124C6959}.Debug|Any CPU.Build.0 = Debug|Any CPU
		{D8174FFD-3734-45E6-8BF5-DA0A124C6959}.Release|Any CPU.ActiveCfg = Release|Any CPU
		{D8174FFD-3734-45E6-8BF5-DA0A124C6959}.Release|Any CPU.Build.0 = Release|Any CPU
	EndGlobalSection
	GlobalSection(SolutionProperties) = preSolution
		HideSolutionNode = FALSE
	EndGlobalSection
	GlobalSection(ExtensibilityGlobals) = postSolution
		SolutionGuid = {BCD80624-1482-4801-8163-AC88D5470390}
	EndGlobalSection
EndGlobal
